
Microsoft Visual Studio Solution File, Format Version 12.00
# Visual Studio Version 16
VisualStudioVersion = 16.0.30309.148
MinimumVisualStudioVersion = 10.0.40219.1
Project("{FAE04EC0-301F-11D3-BF4B-00C04F79EFBC}") = "Calculator", "Calculator\Calculator.csproj", "{FCD68E8B-5BF9-486B-810A-12165469A680}"
EndProject
Global
	GlobalSection(SolutionConfigurationPlatforms) = preSolution
		Debug|Any CPU = Debug|Any CPU
		Release|Any CPU = Release|Any CPU
	EndGlobalSection
	GlobalSection(ProjectConfigurationPlatforms) = postSolution
		{FCD68E8B-5BF9-486B-810A-12165469A680}.Debug|Any CPU.ActiveCfg = Debug|Any CPU
		{FCD68E8B-5BF9-486B-810A-12165469A680}.Debug|Any CPU.Build.0 = Debug|Any CPU
		{FCD68E8B-5BF9-486B-810A-12165469A680}.Release|Any CPU.ActiveCfg = Release|Any CPU
		{FCD68E8B-5BF9-486B-810A-12165469A680}.Release|Any CPU.Build.0 = Release|Any CPU
	EndGlobalSection
	GlobalSection(SolutionProperties) = preSolution
		HideSolutionNode = FALSE
	EndGlobalSection
	GlobalSection(ExtensibilityGlobals) = postSolution
		SolutionGuid = {896D5F7D-8728-4CAB-A7A5-1755848690FB}
	EndGlobalSection
EndGlobal
