
Microsoft Visual Studio Solution File, Format Version 12.00
# Visual Studio Version 16
VisualStudioVersion = 16.0.30413.136
MinimumVisualStudioVersion = 10.0.40219.1
Project("{FAE04EC0-301F-11D3-BF4B-00C04F79EFBC}") = "Bench", "Bench.csproj", "{44D0947A-D31B-493A-8343-134FF5487E44}"
EndProject
Global
	GlobalSection(SolutionConfigurationPlatforms) = preSolution
		Debug|Any CPU = Debug|Any CPU
		Release|Any CPU = Release|Any CPU
	EndGlobalSection
	GlobalSection(ProjectConfigurationPlatforms) = postSolution
		{44D0947A-D31B-493A-8343-134FF5487E44}.Debug|Any CPU.ActiveCfg = Debug|Any CPU
		{44D0947A-D31B-493A-8343-134FF5487E44}.Debug|Any CPU.Build.0 = Debug|Any CPU
		{44D0947A-D31B-493A-8343-134FF5487E44}.Release|Any CPU.ActiveCfg = Release|Any CPU
		{44D0947A-D31B-493A-8343-134FF5487E44}.Release|Any CPU.Build.0 = Release|Any CPU
	EndGlobalSection
	GlobalSection(SolutionProperties) = preSolution
		HideSolutionNode = FALSE
	EndGlobalSection
	GlobalSection(ExtensibilityGlobals) = postSolution
		SolutionGuid = {14B76619-B34A-40EA-A9E2-65F1EE2DA89B}
	EndGlobalSection
EndGlobal
