
Microsoft Visual Studio Solution File, Format Version 12.00
# Visual Studio Version 16
VisualStudioVersion = 16.0.30413.136
MinimumVisualStudioVersion = 10.0.40219.1
Project("{6EC3EE1D-3C4E-46DD-8F32-0CC8E7565705}") = "FCharp", "FCharp.fsproj", "{DAEA9E8C-BC0F-4F58-A8F0-81EAE2A483C2}"
EndProject
Project("{F2A71F9B-5D33-465A-A702-920D77279786}") = "CalcFTest", "..\CalcFTest\CalcFTest.fsproj", "{B583ADE6-A2FE-4E8C-B58D-DB6403552008}"
EndProject
Global
	GlobalSection(SolutionConfigurationPlatforms) = preSolution
		Debug|Any CPU = Debug|Any CPU
		Release|Any CPU = Release|Any CPU
	EndGlobalSection
	GlobalSection(ProjectConfigurationPlatforms) = postSolution
		{DAEA9E8C-BC0F-4F58-A8F0-81EAE2A483C2}.Debug|Any CPU.ActiveCfg = Debug|Any CPU
		{DAEA9E8C-BC0F-4F58-A8F0-81EAE2A483C2}.Debug|Any CPU.Build.0 = Debug|Any CPU
		{DAEA9E8C-BC0F-4F58-A8F0-81EAE2A483C2}.Release|Any CPU.ActiveCfg = Release|Any CPU
		{DAEA9E8C-BC0F-4F58-A8F0-81EAE2A483C2}.Release|Any CPU.Build.0 = Release|Any CPU
		{B583ADE6-A2FE-4E8C-B58D-DB6403552008}.Debug|Any CPU.ActiveCfg = Debug|Any CPU
		{B583ADE6-A2FE-4E8C-B58D-DB6403552008}.Debug|Any CPU.Build.0 = Debug|Any CPU
		{B583ADE6-A2FE-4E8C-B58D-DB6403552008}.Release|Any CPU.ActiveCfg = Release|Any CPU
		{B583ADE6-A2FE-4E8C-B58D-DB6403552008}.Release|Any CPU.Build.0 = Release|Any CPU
	EndGlobalSection
	GlobalSection(SolutionProperties) = preSolution
		HideSolutionNode = FALSE
	EndGlobalSection
	GlobalSection(ExtensibilityGlobals) = postSolution
		SolutionGuid = {55C88A0C-20B1-4744-9906-351F1BFF5336}
	EndGlobalSection
EndGlobal
