
Microsoft Visual Studio Solution File, Format Version 12.00
# Visual Studio Version 16
VisualStudioVersion = 16.0.30413.136
MinimumVisualStudioVersion = 10.0.40219.1
Project("{9A19103F-16F7-4668-BE54-9A1E7A4F7556}") = "ExprTree2", "ExprTree2.csproj", "{EA57D451-77D1-4388-9FC7-90E01E0CA174}"
EndProject
Project("{FAE04EC0-301F-11D3-BF4B-00C04F79EFBC}") = "XUnitTestProject1", "..\XUnitTestProject1\XUnitTestProject1.csproj", "{FA9F4964-CBEC-492B-8898-71A6CA3D03A1}"
EndProject
Global
	GlobalSection(SolutionConfigurationPlatforms) = preSolution
		Debug|Any CPU = Debug|Any CPU
		Release|Any CPU = Release|Any CPU
	EndGlobalSection
	GlobalSection(ProjectConfigurationPlatforms) = postSolution
		{EA57D451-77D1-4388-9FC7-90E01E0CA174}.Debug|Any CPU.ActiveCfg = Debug|Any CPU
		{EA57D451-77D1-4388-9FC7-90E01E0CA174}.Debug|Any CPU.Build.0 = Debug|Any CPU
		{EA57D451-77D1-4388-9FC7-90E01E0CA174}.Release|Any CPU.ActiveCfg = Release|Any CPU
		{EA57D451-77D1-4388-9FC7-90E01E0CA174}.Release|Any CPU.Build.0 = Release|Any CPU
		{FA9F4964-CBEC-492B-8898-71A6CA3D03A1}.Debug|Any CPU.ActiveCfg = Debug|Any CPU
		{FA9F4964-CBEC-492B-8898-71A6CA3D03A1}.Debug|Any CPU.Build.0 = Debug|Any CPU
		{FA9F4964-CBEC-492B-8898-71A6CA3D03A1}.Release|Any CPU.ActiveCfg = Release|Any CPU
		{FA9F4964-CBEC-492B-8898-71A6CA3D03A1}.Release|Any CPU.Build.0 = Release|Any CPU
	EndGlobalSection
	GlobalSection(SolutionProperties) = preSolution
		HideSolutionNode = FALSE
	EndGlobalSection
	GlobalSection(ExtensibilityGlobals) = postSolution
		SolutionGuid = {FCF0F1D4-0A72-4671-AB86-39EAF3F94999}
	EndGlobalSection
EndGlobal
